
Microsoft Visual Studio Solution File, Format Version 12.00
# Visual Studio Version 17
VisualStudioVersion = 17.10.35013.160
MinimumVisualStudioVersion = 10.0.40219.1
Project("{FAE04EC0-301F-11D3-BF4B-00C04F79EFBC}") = "OurHouse", "OurHouse\OurHouse.csproj", "{986BB10C-409D-496A-B043-5B294162FBD9}"
EndProject
Global
	GlobalSection(SolutionConfigurationPlatforms) = preSolution
		Debug|Any CPU = Debug|Any CPU
		Release|Any CPU = Release|Any CPU
	EndGlobalSection
	GlobalSection(ProjectConfigurationPlatforms) = postSolution
		{986BB10C-409D-496A-B043-5B294162FBD9}.Debug|Any CPU.ActiveCfg = Debug|Any CPU
		{986BB10C-409D-496A-B043-5B294162FBD9}.Debug|Any CPU.Build.0 = Debug|Any CPU
		{986BB10C-409D-496A-B043-5B294162FBD9}.Release|Any CPU.ActiveCfg = Release|Any CPU
		{986BB10C-409D-496A-B043-5B294162FBD9}.Release|Any CPU.Build.0 = Release|Any CPU
	EndGlobalSection
	GlobalSection(SolutionProperties) = preSolution
		HideSolutionNode = FALSE
	EndGlobalSection
	GlobalSection(ExtensibilityGlobals) = postSolution
		SolutionGuid = {7036388B-74B8-44C6-9170-4568ADF9C480}
	EndGlobalSection
EndGlobal
